
Microsoft Visual Studio Solution File, Format Version 12.00
# Visual Studio 15
VisualStudioVersion = 15.0.27130.2036
MinimumVisualStudioVersion = 10.0.40219.1
Project("{2150E333-8FDC-42A3-9474-1A3956D46DE8}") = "src", "src", "{E567D38B-8F68-4825-905A-1BC49FE0D772}"
EndProject
Project("{2150E333-8FDC-42A3-9474-1A3956D46DE8}") = "BMS", "BMS", "{15648190-D15A-4E45-B7DD-EFC66591C72E}"
EndProject
Project("{9A19103F-16F7-4668-BE54-9A1E7A4F7556}") = "BMS.Core", "BMS.Core\BMS.Core.csproj", "{0D30D5DC-67AB-408E-9468-444F495607DD}"
EndProject
Project("{9A19103F-16F7-4668-BE54-9A1E7A4F7556}") = "BMS.Infrastructure", "BMS.Infrastructure\BMS.Infrastructure.csproj", "{90F6350F-9EBE-4BC5-B5EA-5AB671155723}"
EndProject
Project("{2150E333-8FDC-42A3-9474-1A3956D46DE8}") = "DBScript", "DBScript", "{7CBBCFFF-CABF-4F56-950A-7557F3A5C5F3}"
	ProjectSection(SolutionItems) = preProject
		.editorconfig = .editorconfig
		.gitattributes = .gitattributes
		.gitignore = .gitignore
		.mailmap = .mailmap
		BMSScript.sql = BMSScript.sql
		Contributing.adoc = Contributing.adoc
		LICENSE = LICENSE
		README.adoc = README.adoc
	EndProjectSection
EndProject
Project("{9A19103F-16F7-4668-BE54-9A1E7A4F7556}") = "BMS.Web", "BMSWeb\BMS.Web.csproj", "{A92EF7AD-54A4-4A38-AEA5-64FD44EF14EC}"
EndProject
Global
	GlobalSection(SolutionConfigurationPlatforms) = preSolution
		Debug|Any CPU = Debug|Any CPU
		Release|Any CPU = Release|Any CPU
	EndGlobalSection
	GlobalSection(ProjectConfigurationPlatforms) = postSolution
		{0D30D5DC-67AB-408E-9468-444F495607DD}.Debug|Any CPU.ActiveCfg = Debug|Any CPU
		{0D30D5DC-67AB-408E-9468-444F495607DD}.Debug|Any CPU.Build.0 = Debug|Any CPU
		{0D30D5DC-67AB-408E-9468-444F495607DD}.Release|Any CPU.ActiveCfg = Release|Any CPU
		{0D30D5DC-67AB-408E-9468-444F495607DD}.Release|Any CPU.Build.0 = Release|Any CPU
		{90F6350F-9EBE-4BC5-B5EA-5AB671155723}.Debug|Any CPU.ActiveCfg = Debug|Any CPU
		{90F6350F-9EBE-4BC5-B5EA-5AB671155723}.Debug|Any CPU.Build.0 = Debug|Any CPU
		{90F6350F-9EBE-4BC5-B5EA-5AB671155723}.Release|Any CPU.ActiveCfg = Release|Any CPU
		{90F6350F-9EBE-4BC5-B5EA-5AB671155723}.Release|Any CPU.Build.0 = Release|Any CPU
		{A92EF7AD-54A4-4A38-AEA5-64FD44EF14EC}.Debug|Any CPU.ActiveCfg = Debug|Any CPU
		{A92EF7AD-54A4-4A38-AEA5-64FD44EF14EC}.Debug|Any CPU.Build.0 = Debug|Any CPU
		{A92EF7AD-54A4-4A38-AEA5-64FD44EF14EC}.Release|Any CPU.ActiveCfg = Release|Any CPU
		{A92EF7AD-54A4-4A38-AEA5-64FD44EF14EC}.Release|Any CPU.Build.0 = Release|Any CPU
	EndGlobalSection
	GlobalSection(SolutionProperties) = preSolution
		HideSolutionNode = FALSE
	EndGlobalSection
	GlobalSection(NestedProjects) = preSolution
		{15648190-D15A-4E45-B7DD-EFC66591C72E} = {E567D38B-8F68-4825-905A-1BC49FE0D772}
		{0D30D5DC-67AB-408E-9468-444F495607DD} = {15648190-D15A-4E45-B7DD-EFC66591C72E}
		{90F6350F-9EBE-4BC5-B5EA-5AB671155723} = {15648190-D15A-4E45-B7DD-EFC66591C72E}
		{A92EF7AD-54A4-4A38-AEA5-64FD44EF14EC} = {15648190-D15A-4E45-B7DD-EFC66591C72E}
	EndGlobalSection
	GlobalSection(ExtensibilityGlobals) = postSolution
		SolutionGuid = {36B1B8F3-9BC1-4D4E-8B35-DC41D12BAA00}
	EndGlobalSection
EndGlobal
