
Microsoft Visual Studio Solution File, Format Version 12.00
# Visual Studio 15
VisualStudioVersion = 15.0.27130.2036
MinimumVisualStudioVersion = 10.0.40219.1
Project("{2150E333-8FDC-42A3-9474-1A3956D46DE8}") = "src", "src", "{E567D38B-8F68-4825-905A-1BC49FE0D772}"
EndProject
Project("{2150E333-8FDC-42A3-9474-1A3956D46DE8}") = "components", "components", "{15648190-D15A-4E45-B7DD-EFC66591C72E}"
EndProject
Project("{2150E333-8FDC-42A3-9474-1A3956D46DE8}") = "web", "web", "{CE528B59-FB37-4002-9B43-E67C1F142591}"
EndProject
Project("{2150E333-8FDC-42A3-9474-1A3956D46DE8}") = "domain", "domain", "{FE6EF9CD-F9A3-49AF-9C76-8CB9BD96F458}"
EndProject
Project("{FAE04EC0-301F-11D3-BF4B-00C04F79EFBC}") = "bms", "bms\bms.csproj", "{E4E6632E-68F5-4BFF-9012-9670BCFA2B80}"
EndProject
Global
	GlobalSection(SolutionConfigurationPlatforms) = preSolution
		Debug|Any CPU = Debug|Any CPU
		Release|Any CPU = Release|Any CPU
	EndGlobalSection
	GlobalSection(ProjectConfigurationPlatforms) = postSolution
		{E4E6632E-68F5-4BFF-9012-9670BCFA2B80}.Debug|Any CPU.ActiveCfg = Debug|Any CPU
		{E4E6632E-68F5-4BFF-9012-9670BCFA2B80}.Debug|Any CPU.Build.0 = Debug|Any CPU
		{E4E6632E-68F5-4BFF-9012-9670BCFA2B80}.Release|Any CPU.ActiveCfg = Release|Any CPU
		{E4E6632E-68F5-4BFF-9012-9670BCFA2B80}.Release|Any CPU.Build.0 = Release|Any CPU
	EndGlobalSection
	GlobalSection(SolutionProperties) = preSolution
		HideSolutionNode = FALSE
	EndGlobalSection
	GlobalSection(NestedProjects) = preSolution
		{15648190-D15A-4E45-B7DD-EFC66591C72E} = {E567D38B-8F68-4825-905A-1BC49FE0D772}
		{CE528B59-FB37-4002-9B43-E67C1F142591} = {15648190-D15A-4E45-B7DD-EFC66591C72E}
		{FE6EF9CD-F9A3-49AF-9C76-8CB9BD96F458} = {15648190-D15A-4E45-B7DD-EFC66591C72E}
		{E4E6632E-68F5-4BFF-9012-9670BCFA2B80} = {CE528B59-FB37-4002-9B43-E67C1F142591}
	EndGlobalSection
	GlobalSection(ExtensibilityGlobals) = postSolution
		SolutionGuid = {36B1B8F3-9BC1-4D4E-8B35-DC41D12BAA00}
	EndGlobalSection
EndGlobal
